// !$*UTF8*$!
{
	archiveVersion = 1;
	classes = {
	};
	objectVersion = 50;
	objects = {

/* Begin PBXBuildFile section */
		678483B5242B2E59009065B8 /* AppDelegate.swift in Sources */ = {isa = PBXBuildFile; fileRef = 678483B4242B2E59009065B8 /* AppDelegate.swift */; };
		678483B7242B2E5A009065B8 /* SceneDelegate.swift in Sources */ = {isa = PBXBuildFile; fileRef = 678483B6242B2E5A009065B8 /* SceneDelegate.swift */; };
		678483B9242B2E5A009065B8 /* ContentView.swift in Sources */ = {isa = PBXBuildFile; fileRef = 678483B8242B2E5A009065B8 /* ContentView.swift */; };
		678483BB242B2E64009065B8 /* Assets.xcassets in Resources */ = {isa = PBXBuildFile; fileRef = 678483BA242B2E64009065B8 /* Assets.xcassets */; };
		678483BE242B2E64009065B8 /* Preview Assets.xcassets in Resources */ = {isa = PBXBuildFile; fileRef = 678483BD242B2E64009065B8 /* Preview Assets.xcassets */; };
		678483C1242B2E64009065B8 /* LaunchScreen.storyboard in Resources */ = {isa = PBXBuildFile; fileRef = 678483BF242B2E64009065B8 /* LaunchScreen.storyboard */; };
		678483C9242B2ED0009065B8 /* EmployeeModel.swift in Sources */ = {isa = PBXBuildFile; fileRef = 678483C8242B2ED0009065B8 /* EmployeeModel.swift */; };
		678483CB242B2F1D009065B8 /* WebService.swift in Sources */ = {isa = PBXBuildFile; fileRef = 678483CA242B2F1D009065B8 /* WebService.swift */; };
		678483CD242B320A009065B8 /* EmployeeViewModel.swift in Sources */ = {isa = PBXBuildFile; fileRef = 678483CC242B320A009065B8 /* EmployeeViewModel.swift */; };
/* End PBXBuildFile section */

/* Begin PBXFileReference section */
		678483B1242B2E59009065B8 /* EmployeeList.app */ = {isa = PBXFileReference; explicitFileType = wrapper.application; includeInIndex = 0; path = EmployeeList.app; sourceTree = BUILT_PRODUCTS_DIR; };
		678483B4242B2E59009065B8 /* AppDelegate.swift */ = {isa = PBXFileReference; lastKnownFileType = sourcecode.swift; path = AppDelegate.swift; sourceTree = "<group>"; };
		678483B6242B2E5A009065B8 /* SceneDelegate.swift */ = {isa = PBXFileReference; lastKnownFileType = sourcecode.swift; path = SceneDelegate.swift; sourceTree = "<group>"; };
		678483B8242B2E5A009065B8 /* ContentView.swift */ = {isa = PBXFileReference; lastKnownFileType = sourcecode.swift; path = ContentView.swift; sourceTree = "<group>"; };
		678483BA242B2E64009065B8 /* Assets.xcassets */ = {isa = PBXFileReference; lastKnownFileType = folder.assetcatalog; path = Assets.xcassets; sourceTree = "<group>"; };
		678483BD242B2E64009065B8 /* Preview Assets.xcassets */ = {isa = PBXFileReference; lastKnownFileType = folder.assetcatalog; path = "Preview Assets.xcassets"; sourceTree = "<group>"; };
		678483C0242B2E64009065B8 /* Base */ = {isa = PBXFileReference; lastKnownFileType = file.storyboard; name = Base; path = Base.lproj/LaunchScreen.storyboard; sourceTree = "<group>"; };
		678483C2242B2E64009065B8 /* Info.plist */ = {isa = PBXFileReference; lastKnownFileType = text.plist.xml; path = Info.plist; sourceTree = "<group>"; };
		678483C8242B2ED0009065B8 /* EmployeeModel.swift */ = {isa = PBXFileReference; lastKnownFileType = sourcecode.swift; path = EmployeeModel.swift; sourceTree = "<group>"; };
		678483CA242B2F1D009065B8 /* WebService.swift */ = {isa = PBXFileReference; lastKnownFileType = sourcecode.swift; path = WebService.swift; sourceTree = "<group>"; };
		678483CC242B320A009065B8 /* EmployeeViewModel.swift */ = {isa = PBXFileReference; lastKnownFileType = sourcecode.swift; path = EmployeeViewModel.swift; sourceTree = "<group>"; };
/* End PBXFileReference section */

/* Begin PBXFrameworksBuildPhase section */
		678483AE242B2E59009065B8 /* Frameworks */ = {
			isa = PBXFrameworksBuildPhase;
			buildActionMask = 2147483647;
			files = (
			);
			runOnlyForDeploymentPostprocessing = 0;
		};
/* End PBXFrameworksBuildPhase section */

/* Begin PBXGroup section */
		678483A8242B2E59009065B8 = {
			isa = PBXGroup;
			children = (
				678483B3242B2E59009065B8 /* EmployeeList */,
				678483B2242B2E59009065B8 /* Products */,
			);
			sourceTree = "<group>";
		};
		678483B2242B2E59009065B8 /* Products */ = {
			isa = PBXGroup;
			children = (
				678483B1242B2E59009065B8 /* EmployeeList.app */,
			);
			name = Products;
			sourceTree = "<group>";
		};
		678483B3242B2E59009065B8 /* EmployeeList */ = {
			isa = PBXGroup;
			children = (
				678483B4242B2E59009065B8 /* AppDelegate.swift */,
				678483B6242B2E5A009065B8 /* SceneDelegate.swift */,
				678483B8242B2E5A009065B8 /* ContentView.swift */,
				678483BA242B2E64009065B8 /* Assets.xcassets */,
				678483BF242B2E64009065B8 /* LaunchScreen.storyboard */,
				678483C2242B2E64009065B8 /* Info.plist */,
				678483BC242B2E64009065B8 /* Preview Content */,
				678483C8242B2ED0009065B8 /* EmployeeModel.swift */,
				678483CA242B2F1D009065B8 /* WebService.swift */,
				678483CC242B320A009065B8 /* EmployeeViewModel.swift */,
			);
			path = EmployeeList;
			sourceTree = "<group>";
		};
		678483BC242B2E64009065B8 /* Preview Content */ = {
			isa = PBXGroup;
			children = (
				678483BD242B2E64009065B8 /* Preview Assets.xcassets */,
			);
			path = "Preview Content";
			sourceTree = "<group>";
		};
/* End PBXGroup section */

/* Begin PBXNativeTarget section */
		678483B0242B2E59009065B8 /* EmployeeList */ = {
			isa = PBXNativeTarget;
			buildConfigurationList = 678483C5242B2E64009065B8 /* Build configuration list for PBXNativeTarget "EmployeeList" */;
			buildPhases = (
				678483AD242B2E59009065B8 /* Sources */,
				678483AE242B2E59009065B8 /* Frameworks */,
				678483AF242B2E59009065B8 /* Resources */,
			);
			buildRules = (
			);
			dependencies = (
			);
			name = EmployeeList;
			productName = EmployeeList;
			productReference = 678483B1242B2E59009065B8 /* EmployeeList.app */;
			productType = "com.apple.product-type.application";
		};
/* End PBXNativeTarget section */

/* Begin PBXProject section */
		678483A9242B2E59009065B8 /* Project object */ = {
			isa = PBXProject;
			attributes = {
				LastSwiftUpdateCheck = 1110;
				LastUpgradeCheck = 1110;
				ORGANIZATIONNAME = AgathsyaTechnologies;
				TargetAttributes = {
					678483B0242B2E59009065B8 = {
						CreatedOnToolsVersion = 11.1;
					};
				};
			};
			buildConfigurationList = 678483AC242B2E59009065B8 /* Build configuration list for PBXProject "EmployeeList" */;
			compatibilityVersion = "Xcode 9.3";
			developmentRegion = en;
			hasScannedForEncodings = 0;
			knownRegions = (
				en,
				Base,
			);
			mainGroup = 678483A8242B2E59009065B8;
			productRefGroup = 678483B2242B2E59009065B8 /* Products */;
			projectDirPath = "";
			projectRoot = "";
			targets = (
				678483B0242B2E59009065B8 /* EmployeeList */,
			);
		};
/* End PBXProject section */

/* Begin PBXResourcesBuildPhase section */
		678483AF242B2E59009065B8 /* Resources */ = {
			isa = PBXResourcesBuildPhase;
			buildActionMask = 2147483647;
			files = (
				678483C1242B2E64009065B8 /* LaunchScreen.storyboard in Resources */,
				678483BE242B2E64009065B8 /* Preview Assets.xcassets in Resources */,
				678483BB242B2E64009065B8 /* Assets.xcassets in Resources */,
			);
			runOnlyForDeploymentPostprocessing = 0;
		};
/* End PBXResourcesBuildPhase section */

/* Begin PBXSourcesBuildPhase section */
		678483AD242B2E59009065B8 /* Sources */ = {
			isa = PBXSourcesBuildPhase;
			buildActionMask = 2147483647;
			files = (
				678483B5242B2E59009065B8 /* AppDelegate.swift in Sources */,
				678483B7242B2E5A009065B8 /* SceneDelegate.swift in Sources */,
				678483B9242B2E5A009065B8 /* ContentView.swift in Sources */,
				678483CB242B2F1D009065B8 /* WebService.swift in Sources */,
				678483CD242B320A009065B8 /* EmployeeViewModel.swift in Sources */,
				678483C9242B2ED0009065B8 /* EmployeeModel.swift in Sources */,
			);
			runOnlyForDeploymentPostprocessing = 0;
		};
/* End PBXSourcesBuildPhase section */

/* Begin PBXVariantGroup section */
		678483BF242B2E64009065B8 /* LaunchScreen.storyboard */ = {
			isa = PBXVariantGroup;
			children = (
				678483C0242B2E64009065B8 /* Base */,
			);
			name = LaunchScreen.storyboard;
			sourceTree = "<group>";
		};
/* End PBXVariantGroup section */

/* Begin XCBuildConfiguration section */
		678483C3242B2E64009065B8 /* Debug */ = {
			isa = XCBuildConfiguration;
			buildSettings = {
				ALWAYS_SEARCH_USER_PATHS = NO;
				CLANG_ANALYZER_NONNULL = YES;
				CLANG_ANALYZER_NUMBER_OBJECT_CONVERSION = YES_AGGRESSIVE;
				CLANG_CXX_LANGUAGE_STANDARD = "gnu++14";
				CLANG_CXX_LIBRARY = "libc++";
				CLANG_ENABLE_MODULES = YES;
				CLANG_ENABLE_OBJC_ARC = YES;
				CLANG_ENABLE_OBJC_WEAK = YES;
				CLANG_WARN_BLOCK_CAPTURE_AUTORELEASING = YES;
				CLANG_WARN_BOOL_CONVERSION = YES;
				CLANG_WARN_COMMA = YES;
				CLANG_WARN_CONSTANT_CONVERSION = YES;
				CLANG_WARN_DEPRECATED_OBJC_IMPLEMENTATIONS = YES;
				CLANG_WARN_DIRECT_OBJC_ISA_USAGE = YES_ERROR;
				CLANG_WARN_DOCUMENTATION_COMMENTS = YES;
				CLANG_WARN_EMPTY_BODY = YES;
				CLANG_WARN_ENUM_CONVERSION = YES;
				CLANG_WARN_INFINITE_RECURSION = YES;
				CLANG_WARN_INT_CONVERSION = YES;
				CLANG_WARN_NON_LITERAL_NULL_CONVERSION = YES;
				CLANG_WARN_OBJC_IMPLICIT_RETAIN_SELF = YES;
				CLANG_WARN_OBJC_LITERAL_CONVERSION = YES;
				CLANG_WARN_OBJC_ROOT_CLASS = YES_ERROR;
				CLANG_WARN_RANGE_LOOP_ANALYSIS = YES;
				CLANG_WARN_STRICT_PROTOTYPES = YES;
				CLANG_WARN_SUSPICIOUS_MOVE = YES;
				CLANG_WARN_UNGUARDED_AVAILABILITY = YES_AGGRESSIVE;
				CLANG_WARN_UNREACHABLE_CODE = YES;
				CLANG_WARN__DUPLICATE_METHOD_MATCH = YES;
				COPY_PHASE_STRIP = NO;
				DEBUG_INFORMATION_FORMAT = dwarf;
				ENABLE_STRICT_OBJC_MSGSEND = YES;
				ENABLE_TESTABILITY = YES;
				GCC_C_LANGUAGE_STANDARD = gnu11;
				GCC_DYNAMIC_NO_PIC = NO;
				GCC_NO_COMMON_BLOCKS = YES;
				GCC_OPTIMIZATION_LEVEL = 0;
				GCC_PREPROCESSOR_DEFINITIONS = (
					"DEBUG=1",
					"$(inherited)",
				);
				GCC_WARN_64_TO_32_BIT_CONVERSION = YES;
				GCC_WARN_ABOUT_RETURN_TYPE = YES_ERROR;
				GCC_WARN_UNDECLARED_SELECTOR = YES;
				GCC_WARN_UNINITIALIZED_AUTOS = YES_AGGRESSIVE;
				GCC_WARN_UNUSED_FUNCTION = YES;
				GCC_WARN_UNUSED_VARIABLE = YES;
				IPHONEOS_DEPLOYMENT_TARGET = 13.1;
				MTL_ENABLE_DEBUG_INFO = INCLUDE_SOURCE;
				MTL_FAST_MATH = YES;
				ONLY_ACTIVE_ARCH = YES;
				SDKROOT = iphoneos;
				SWIFT_ACTIVE_COMPILATION_CONDITIONS = DEBUG;
				SWIFT_OPTIMIZATION_LEVEL = "-Onone";
			};
			name = Debug;
		};
		678483C4242B2E64009065B8 /* Release */ = {
			isa = XCBuildConfiguration;
			buildSettings = {
				ALWAYS_SEARCH_USER_PATHS = NO;
				CLANG_ANALYZER_NONNULL = YES;
				CLANG_ANALYZER_NUMBER_OBJECT_CONVERSION = YES_AGGRESSIVE;
				CLANG_CXX_LANGUAGE_STANDARD = "gnu++14";
				CLANG_CXX_LIBRARY = "libc++";
				CLANG_ENABLE_MODULES = YES;
				CLANG_ENABLE_OBJC_ARC = YES;
				CLANG_ENABLE_OBJC_WEAK = YES;
				CLANG_WARN_BLOCK_CAPTURE_AUTORELEASING = YES;
				CLANG_WARN_BOOL_CONVERSION = YES;
				CLANG_WARN_COMMA = YES;
				CLANG_WARN_CONSTANT_CONVERSION = YES;
				CLANG_WARN_DEPRECATED_OBJC_IMPLEMENTATIONS = YES;
				CLANG_WARN_DIRECT_OBJC_ISA_USAGE = YES_ERROR;
				CLANG_WARN_DOCUMENTATION_COMMENTS = YES;
				CLANG_WARN_EMPTY_BODY = YES;
				CLANG_WARN_ENUM_CONVERSION = YES;
				CLANG_WARN_INFINITE_RECURSION = YES;
				CLANG_WARN_INT_CONVERSION = YES;
				CLANG_WARN_NON_LITERAL_NULL_CONVERSION = YES;
				CLANG_WARN_OBJC_IMPLICIT_RETAIN_SELF = YES;
				CLANG_WARN_OBJC_LITERAL_CONVERSION = YES;
				CLANG_WARN_OBJC_ROOT_CLASS = YES_ERROR;
				CLANG_WARN_RANGE_LOOP_ANALYSIS = YES;
				CLANG_WARN_STRICT_PROTOTYPES = YES;
				CLANG_WARN_SUSPICIOUS_MOVE = YES;
				CLANG_WARN_UNGUARDED_AVAILABILITY = YES_AGGRESSIVE;
				CLANG_WARN_UNREACHABLE_CODE = YES;
				CLANG_WARN__DUPLICATE_METHOD_MATCH = YES;
				COPY_PHASE_STRIP = NO;
				DEBUG_INFORMATION_FORMAT = "dwarf-with-dsym";
				ENABLE_NS_ASSERTIONS = NO;
				ENABLE_STRICT_OBJC_MSGSEND = YES;
				GCC_C_LANGUAGE_STANDARD = gnu11;
				GCC_NO_COMMON_BLOCKS = YES;
				GCC_WARN_64_TO_32_BIT_CONVERSION = YES;
				GCC_WARN_ABOUT_RETURN_TYPE = YES_ERROR;
				GCC_WARN_UNDECLARED_SELECTOR = YES;
				GCC_WARN_UNINITIALIZED_AUTOS = YES_AGGRESSIVE;
				GCC_WARN_UNUSED_FUNCTION = YES;
				GCC_WARN_UNUSED_VARIABLE = YES;
				IPHONEOS_DEPLOYMENT_TARGET = 13.1;
				MTL_ENABLE_DEBUG_INFO = NO;
				MTL_FAST_MATH = YES;
				SDKROOT = iphoneos;
				SWIFT_COMPILATION_MODE = wholemodule;
				SWIFT_OPTIMIZATION_LEVEL = "-O";
				VALIDATE_PRODUCT = YES;
			};
			name = Release;
		};
		678483C6242B2E64009065B8 /* Debug */ = {
			isa = XCBuildConfiguration;
			buildSettings = {
				ASSETCATALOG_COMPILER_APPICON_NAME = AppIcon;
				CODE_SIGN_STYLE = Automatic;
				DEVELOPMENT_ASSET_PATHS = "\"EmployeeList/Preview Content\"";
				DEVELOPMENT_TEAM = 5HZ5V58685;
				ENABLE_PREVIEWS = YES;
				INFOPLIST_FILE = EmployeeList/Info.plist;
				LD_RUNPATH_SEARCH_PATHS = (
					"$(inherited)",
					"@executable_path/Frameworks",
				);
				PRODUCT_BUNDLE_IDENTIFIER = com.Agathsya.EmployeeList;
				PRODUCT_NAME = "$(TARGET_NAME)";
				SWIFT_VERSION = 5.0;
				TARGETED_DEVICE_FAMILY = "1,2";
			};
			name = Debug;
		};
		678483C7242B2E64009065B8 /* Release */ = {
			isa = XCBuildConfiguration;
			buildSettings = {
				ASSETCATALOG_COMPILER_APPICON_NAME = AppIcon;
				CODE_SIGN_STYLE = Automatic;
				DEVELOPMENT_ASSET_PATHS = "\"EmployeeList/Preview Content\"";
				DEVELOPMENT_TEAM = 5HZ5V58685;
				ENABLE_PREVIEWS = YES;
				INFOPLIST_FILE = EmployeeList/Info.plist;
				LD_RUNPATH_SEARCH_PATHS = (
					"$(inherited)",
					"@executable_path/Frameworks",
				);
				PRODUCT_BUNDLE_IDENTIFIER = com.Agathsya.EmployeeList;
				PRODUCT_NAME = "$(TARGET_NAME)";
				SWIFT_VERSION = 5.0;
				TARGETED_DEVICE_FAMILY = "1,2";
			};
			name = Release;
		};
/* End XCBuildConfiguration section */

/* Begin XCConfigurationList section */
		678483AC242B2E59009065B8 /* Build configuration list for PBXProject "EmployeeList" */ = {
			isa = XCConfigurationList;
			buildConfigurations = (
				678483C3242B2E64009065B8 /* Debug */,
				678483C4242B2E64009065B8 /* Release */,
			);
			defaultConfigurationIsVisible = 0;
			defaultConfigurationName = Release;
		};
		678483C5242B2E64009065B8 /* Build configuration list for PBXNativeTarget "EmployeeList" */ = {
			isa = XCConfigurationList;
			buildConfigurations = (
				678483C6242B2E64009065B8 /* Debug */,
				678483C7242B2E64009065B8 /* Release */,
			);
			defaultConfigurationIsVisible = 0;
			defaultConfigurationName = Release;
		};
/* End XCConfigurationList section */
	};
	rootObject = 678483A9242B2E59009065B8 /* Project object */;
}
